
Microsoft Visual Studio Solution File, Format Version 12.00
# Visual Studio Version 17
VisualStudioVersion = 17.9.34728.123
MinimumVisualStudioVersion = 10.0.40219.1
Project("{9A19103F-16F7-4668-BE54-9A1E7A4F7556}") = "AnimeTier.WebApp", "AnimeTier.WebApp\AnimeTier.WebApp.csproj", "{EFEA5288-EEEF-46D9-AE00-FC638623A1AF}"
EndProject
Project("{9A19103F-16F7-4668-BE54-9A1E7A4F7556}") = "SharedLibrary", "SharedLibrary\SharedLibrary.csproj", "{DFAF5424-6FDC-4A6E-96F1-F2FE18A75D56}"
EndProject
Global
	GlobalSection(SolutionConfigurationPlatforms) = preSolution
		Debug|Any CPU = Debug|Any CPU
		Release|Any CPU = Release|Any CPU
	EndGlobalSection
	GlobalSection(ProjectConfigurationPlatforms) = postSolution
		{EFEA5288-EEEF-46D9-AE00-FC638623A1AF}.Debug|Any CPU.ActiveCfg = Debug|Any CPU
		{EFEA5288-EEEF-46D9-AE00-FC638623A1AF}.Debug|Any CPU.Build.0 = Debug|Any CPU
		{EFEA5288-EEEF-46D9-AE00-FC638623A1AF}.Release|Any CPU.ActiveCfg = Release|Any CPU
		{EFEA5288-EEEF-46D9-AE00-FC638623A1AF}.Release|Any CPU.Build.0 = Release|Any CPU
		{DFAF5424-6FDC-4A6E-96F1-F2FE18A75D56}.Debug|Any CPU.ActiveCfg = Debug|Any CPU
		{DFAF5424-6FDC-4A6E-96F1-F2FE18A75D56}.Debug|Any CPU.Build.0 = Debug|Any CPU
		{DFAF5424-6FDC-4A6E-96F1-F2FE18A75D56}.Release|Any CPU.ActiveCfg = Release|Any CPU
		{DFAF5424-6FDC-4A6E-96F1-F2FE18A75D56}.Release|Any CPU.Build.0 = Release|Any CPU
	EndGlobalSection
	GlobalSection(SolutionProperties) = preSolution
		HideSolutionNode = FALSE
	EndGlobalSection
	GlobalSection(ExtensibilityGlobals) = postSolution
		SolutionGuid = {7B015381-4916-4F81-9358-ACAFF1EB1D5A}
	EndGlobalSection
EndGlobal
